Microsoft Visual Studio Solution File, Format Version 11.00
# Visual Studio 2008

Project("{56F101F0-426B-F88A-655F-E4FF3B481AC5}") = "OIC", "Assembly-CSharp-firstpass.csproj", "{74199650-32E9-4B89-6C75-14886D82AA55}"
EndProject
Project("{56F101F0-426B-F88A-655F-E4FF3B481AC5}") = "OIC", "Assembly-CSharp.csproj", "{520A16B8-81D6-B3BD-A265-D028F4515F20}"
EndProject
Project("{56F101F0-426B-F88A-655F-E4FF3B481AC5}") = "OIC", "Assembly-CSharp-Editor.csproj", "{937D641D-2BA4-75D5-23CE-0FD22D4CA396}"
EndProject
Project("{56F101F0-426B-F88A-655F-E4FF3B481AC5}") = "OIC", "Assembly-UnityScript-firstpass.unityproj", "{E3F5E289-02F3-545A-09AB-050CC15D79A9}"
EndProject
Global
	GlobalSection(SolutionConfigurationPlatforms) = preSolution
		Debug|Any CPU = Debug|Any CPU
		Release|Any CPU = Release|Any CPU
	EndGlobalSection
	GlobalSection(ProjectConfigurationPlatforms) = postSolution
		{74199650-32E9-4B89-6C75-14886D82AA55}.Debug|Any CPU.ActiveCfg = Debug|Any CPU
		{74199650-32E9-4B89-6C75-14886D82AA55}.Debug|Any CPU.Build.0 = Debug|Any CPU
		{74199650-32E9-4B89-6C75-14886D82AA55}.Release|Any CPU.ActiveCfg = Release|Any CPU
		{74199650-32E9-4B89-6C75-14886D82AA55}.Release|Any CPU.Build.0 = Release|Any CPU
		{520A16B8-81D6-B3BD-A265-D028F4515F20}.Debug|Any CPU.ActiveCfg = Debug|Any CPU
		{520A16B8-81D6-B3BD-A265-D028F4515F20}.Debug|Any CPU.Build.0 = Debug|Any CPU
		{520A16B8-81D6-B3BD-A265-D028F4515F20}.Release|Any CPU.ActiveCfg = Release|Any CPU
		{520A16B8-81D6-B3BD-A265-D028F4515F20}.Release|Any CPU.Build.0 = Release|Any CPU
		{937D641D-2BA4-75D5-23CE-0FD22D4CA396}.Debug|Any CPU.ActiveCfg = Debug|Any CPU
		{937D641D-2BA4-75D5-23CE-0FD22D4CA396}.Debug|Any CPU.Build.0 = Debug|Any CPU
		{937D641D-2BA4-75D5-23CE-0FD22D4CA396}.Release|Any CPU.ActiveCfg = Release|Any CPU
		{937D641D-2BA4-75D5-23CE-0FD22D4CA396}.Release|Any CPU.Build.0 = Release|Any CPU
		{E3F5E289-02F3-545A-09AB-050CC15D79A9}.Debug|Any CPU.ActiveCfg = Debug|Any CPU
		{E3F5E289-02F3-545A-09AB-050CC15D79A9}.Debug|Any CPU.Build.0 = Debug|Any CPU
		{E3F5E289-02F3-545A-09AB-050CC15D79A9}.Release|Any CPU.ActiveCfg = Release|Any CPU
		{E3F5E289-02F3-545A-09AB-050CC15D79A9}.Release|Any CPU.Build.0 = Release|Any CPU
	EndGlobalSection
	GlobalSection(SolutionProperties) = preSolution
		HideSolutionNode = FALSE
	EndGlobalSection
		GlobalSection(MonoDevelopProperties) = preSolution
		StartupItem = Assembly-CSharp.csproj
		Policies = $0
		$0.TextStylePolicy = $1
		$1.inheritsSet = null
		$1.scope = text/x-csharp
		$0.CSharpFormattingPolicy = $2
		$2.inheritsSet = Mono
		$2.inheritsScope = text/x-csharp
		$2.scope = text/x-csharp
		$0.TextStylePolicy = $3
		$3.FileWidth = 120
		$3.TabWidth = 4
		$3.EolMarker = Unix
		$3.inheritsSet = Mono
		$3.inheritsScope = text/plain
		$3.scope = text/plain
	EndGlobalSection

EndGlobal
